// !$*UTF8*$!
{
	archiveVersion = 1;
	classes = {
	};
	objectVersion = 46;
	objects = {

/* Begin PBXBuildFile section */
		1C33124F1BAA00B900470D4D /* main.m in Sources */ = {isa = PBXBuildFile; fileRef = 1C33124E1BAA00B900470D4D /* main.m */; };
		1C3312521BAA00BA00470D4D /* AppDelegate.m in Sources */ = {isa = PBXBuildFile; fileRef = 1C3312511BAA00BA00470D4D /* AppDelegate.m */; };
		1C3312551BAA00BB00470D4D /* ViewController.m in Sources */ = {isa = PBXBuildFile; fileRef = 1C3312541BAA00BB00470D4D /* ViewController.m */; };
		1C3312581BAA00BC00470D4D /* Main.storyboard in Resources */ = {isa = PBXBuildFile; fileRef = 1C3312561BAA00BC00470D4D /* Main.storyboard */; };
		1C33125A1BAA00BD00470D4D /* Images.xcassets in Resources */ = {isa = PBXBuildFile; fileRef = 1C3312591BAA00BD00470D4D /* Images.xcassets */; };
		1C33125D1BAA00BD00470D4D /* LaunchScreen.xib in Resources */ = {isa = PBXBuildFile; fileRef = 1C33125B1BAA00BD00470D4D /* LaunchScreen.xib */; };
		1C3312691BAA00C000470D4D /* StoryTests.m in Sources */ = {isa = PBXBuildFile; fileRef = 1C3312681BAA00C000470D4D /* StoryTests.m */; };
/* End PBXBuildFile section */

/* Begin PBXContainerItemProxy section */
		1C3312631BAA00BF00470D4D /* PBXContainerItemProxy */ = {
			isa = PBXContainerItemProxy;
			containerPortal = 1C3312411BAA00B500470D4D /* Project object */;
			proxyType = 1;
			remoteGlobalIDString = 1C3312481BAA00B600470D4D;
			remoteInfo = Story;
		};
/* End PBXContainerItemProxy section */

/* Begin PBXFileReference section */
		1C3312491BAA00B800470D4D /* Story.app */ = {isa = PBXFileReference; explicitFileType = wrapper.application; includeInIndex = 0; path = Story.app; sourceTree = BUILT_PRODUCTS_DIR; };
		1C33124D1BAA00B800470D4D /* Info.plist */ = {isa = PBXFileReference; lastKnownFileType = text.plist.xml; path = Info.plist; sourceTree = "<group>"; };
		1C33124E1BAA00B900470D4D /* main.m */ = {isa = PBXFileReference; lastKnownFileType = sourcecode.c.objc; path = main.m; sourceTree = "<group>"; };
		1C3312501BAA00B900470D4D /* AppDelegate.h */ = {isa = PBXFileReference; lastKnownFileType = sourcecode.c.h; path = AppDelegate.h; sourceTree = "<group>"; };
		1C3312511BAA00BA00470D4D /* AppDelegate.m */ = {isa = PBXFileReference; lastKnownFileType = sourcecode.c.objc; path = AppDelegate.m; sourceTree = "<group>"; };
		1C3312531BAA00BA00470D4D /* ViewController.h */ = {isa = PBXFileReference; lastKnownFileType = sourcecode.c.h; path = ViewController.h; sourceTree = "<group>"; };
		1C3312541BAA00BB00470D4D /* ViewController.m */ = {isa = PBXFileReference; lastKnownFileType = sourcecode.c.objc; path = ViewController.m; sourceTree = "<group>"; };
		1C3312571BAA00BC00470D4D /* Base */ = {isa = PBXFileReference; lastKnownFileType = file.storyboard; name = Base; path = Base.lproj/Main.storyboard; sourceTree = "<group>"; };
		1C3312591BAA00BD00470D4D /* Images.xcassets */ = {isa = PBXFileReference; lastKnownFileType = folder.assetcatalog; path = Images.xcassets; sourceTree = "<group>"; };
		1C33125C1BAA00BD00470D4D /* Base */ = {isa = PBXFileReference; lastKnownFileType = file.xib; name = Base; path = Base.lproj/LaunchScreen.xib; sourceTree = "<group>"; };
		1C3312621BAA00BF00470D4D /* StoryTests.xctest */ = {isa = PBXFileReference; explicitFileType = wrapper.cfbundle; includeInIndex = 0; path = StoryTests.xctest; sourceTree = BUILT_PRODUCTS_DIR; };
		1C3312671BAA00C000470D4D /* Info.plist */ = {isa = PBXFileReference; lastKnownFileType = text.plist.xml; path = Info.plist; sourceTree = "<group>"; };
		1C3312681BAA00C000470D4D /* StoryTests.m */ = {isa = PBXFileReference; lastKnownFileType = sourcecode.c.objc; path = StoryTests.m; sourceTree = "<group>"; };
/* End PBXFileReference section */

/* Begin PBXFrameworksBuildPhase section */
		1C3312461BAA00B600470D4D /* Frameworks */ = {
			isa = PBXFrameworksBuildPhase;
			buildActionMask = 2147483647;
			files = (
			);
			runOnlyForDeploymentPostprocessing = 0;
		};
		1C33125F1BAA00BF00470D4D /* Frameworks */ = {
			isa = PBXFrameworksBuildPhase;
			buildActionMask = 2147483647;
			files = (
			);
			runOnlyForDeploymentPostprocessing = 0;
		};
/* End PBXFrameworksBuildPhase section */

/* Begin PBXGroup section */
		1C3312401BAA00B500470D4D = {
			isa = PBXGroup;
			children = (
				1C33124B1BAA00B800470D4D /* Story */,
				1C3312651BAA00C000470D4D /* StoryTests */,
				1C33124A1BAA00B800470D4D /* Products */,
			);
			sourceTree = "<group>";
		};
		1C33124A1BAA00B800470D4D /* Products */ = {
			isa = PBXGroup;
			children = (
				1C3312491BAA00B800470D4D /* Story.app */,
				1C3312621BAA00BF00470D4D /* StoryTests.xctest */,
			);
			name = Products;
			sourceTree = "<group>";
		};
		1C33124B1BAA00B800470D4D /* Story */ = {
			isa = PBXGroup;
			children = (
				1C3312501BAA00B900470D4D /* AppDelegate.h */,
				1C3312511BAA00BA00470D4D /* AppDelegate.m */,
				1C3312531BAA00BA00470D4D /* ViewController.h */,
				1C3312541BAA00BB00470D4D /* ViewController.m */,
				1C3312561BAA00BC00470D4D /* Main.storyboard */,
				1C3312591BAA00BD00470D4D /* Images.xcassets */,
				1C33125B1BAA00BD00470D4D /* LaunchScreen.xib */,
				1C33124C1BAA00B800470D4D /* Supporting Files */,
			);
			path = Story;
			sourceTree = "<group>";
		};
		1C33124C1BAA00B800470D4D /* Supporting Files */ = {
			isa = PBXGroup;
			children = (
				1C33124D1BAA00B800470D4D /* Info.plist */,
				1C33124E1BAA00B900470D4D /* main.m */,
			);
			name = "Supporting Files";
			sourceTree = "<group>";
		};
		1C3312651BAA00C000470D4D /* StoryTests */ = {
			isa = PBXGroup;
			children = (
				1C3312681BAA00C000470D4D /* StoryTests.m */,
				1C3312661BAA00C000470D4D /* Supporting Files */,
			);
			path = StoryTests;
			sourceTree = "<group>";
		};
		1C3312661BAA00C000470D4D /* Supporting Files */ = {
			isa = PBXGroup;
			children = (
				1C3312671BAA00C000470D4D /* Info.plist */,
			);
			name = "Supporting Files";
			sourceTree = "<group>";
		};
/* End PBXGroup section */

/* Begin PBXNativeTarget section */
		1C3312481BAA00B600470D4D /* Story */ = {
			isa = PBXNativeTarget;
			buildConfigurationList = 1C33126C1BAA00C000470D4D /* Build configuration list for PBXNativeTarget "Story" */;
			buildPhases = (
				1C3312451BAA00B600470D4D /* Sources */,
				1C3312461BAA00B600470D4D /* Frameworks */,
				1C3312471BAA00B600470D4D /* Resources */,
			);
			buildRules = (
			);
			dependencies = (
			);
			name = Story;
			productName = Story;
			productReference = 1C3312491BAA00B800470D4D /* Story.app */;
			productType = "com.apple.product-type.application";
		};
		1C3312611BAA00BF00470D4D /* StoryTests */ = {
			isa = PBXNativeTarget;
			buildConfigurationList = 1C33126F1BAA00C000470D4D /* Build configuration list for PBXNativeTarget "StoryTests" */;
			buildPhases = (
				1C33125E1BAA00BF00470D4D /* Sources */,
				1C33125F1BAA00BF00470D4D /* Frameworks */,
				1C3312601BAA00BF00470D4D /* Resources */,
			);
			buildRules = (
			);
			dependencies = (
				1C3312641BAA00BF00470D4D /* PBXTargetDependency */,
			);
			name = StoryTests;
			productName = StoryTests;
			productReference = 1C3312621BAA00BF00470D4D /* StoryTests.xctest */;
			productType = "com.apple.product-type.bundle.unit-test";
		};
/* End PBXNativeTarget section */

/* Begin PBXProject section */
		1C3312411BAA00B500470D4D /* Project object */ = {
			isa = PBXProject;
			attributes = {
				LastUpgradeCheck = 0640;
				ORGANIZATIONNAME = "Nicholas Caceres";
				TargetAttributes = {
					1C3312481BAA00B600470D4D = {
						CreatedOnToolsVersion = 6.4;
					};
					1C3312611BAA00BF00470D4D = {
						CreatedOnToolsVersion = 6.4;
						TestTargetID = 1C3312481BAA00B600470D4D;
					};
				};
			};
			buildConfigurationList = 1C3312441BAA00B600470D4D /* Build configuration list for PBXProject "Story" */;
			compatibilityVersion = "Xcode 3.2";
			developmentRegion = English;
			hasScannedForEncodings = 0;
			knownRegions = (
				en,
				Base,
			);
			mainGroup = 1C3312401BAA00B500470D4D;
			productRefGroup = 1C33124A1BAA00B800470D4D /* Products */;
			projectDirPath = "";
			projectRoot = "";
			targets = (
				1C3312481BAA00B600470D4D /* Story */,
				1C3312611BAA00BF00470D4D /* StoryTests */,
			);
		};
/* End PBXProject section */

/* Begin PBXResourcesBuildPhase section */
		1C3312471BAA00B600470D4D /* Resources */ = {
			isa = PBXResourcesBuildPhase;
			buildActionMask = 2147483647;
			files = (
				1C3312581BAA00BC00470D4D /* Main.storyboard in Resources */,
				1C33125D1BAA00BD00470D4D /* LaunchScreen.xib in Resources */,
				1C33125A1BAA00BD00470D4D /* Images.xcassets in Resources */,
			);
			runOnlyForDeploymentPostprocessing = 0;
		};
		1C3312601BAA00BF00470D4D /* Resources */ = {
			isa = PBXResourcesBuildPhase;
			buildActionMask = 2147483647;
			files = (
			);
			runOnlyForDeploymentPostprocessing = 0;
		};
/* End PBXResourcesBuildPhase section */

/* Begin PBXSourcesBuildPhase section */
		1C3312451BAA00B600470D4D /* Sources */ = {
			isa = PBXSourcesBuildPhase;
			buildActionMask = 2147483647;
			files = (
				1C3312551BAA00BB00470D4D /* ViewController.m in Sources */,
				1C3312521BAA00BA00470D4D /* AppDelegate.m in Sources */,
				1C33124F1BAA00B900470D4D /* main.m in Sources */,
			);
			runOnlyForDeploymentPostprocessing = 0;
		};
		1C33125E1BAA00BF00470D4D /* Sources */ = {
			isa = PBXSourcesBuildPhase;
			buildActionMask = 2147483647;
			files = (
				1C3312691BAA00C000470D4D /* StoryTests.m in Sources */,
			);
			runOnlyForDeploymentPostprocessing = 0;
		};
/* End PBXSourcesBuildPhase section */

/* Begin PBXTargetDependency section */
		1C3312641BAA00BF00470D4D /* PBXTargetDependency */ = {
			isa = PBXTargetDependency;
			target = 1C3312481BAA00B600470D4D /* Story */;
			targetProxy = 1C3312631BAA00BF00470D4D /* PBXContainerItemProxy */;
		};
/* End PBXTargetDependency section */

/* Begin PBXVariantGroup section */
		1C3312561BAA00BC00470D4D /* Main.storyboard */ = {
			isa = PBXVariantGroup;
			children = (
				1C3312571BAA00BC00470D4D /* Base */,
			);
			name = Main.storyboard;
			sourceTree = "<group>";
		};
		1C33125B1BAA00BD00470D4D /* LaunchScreen.xib */ = {
			isa = PBXVariantGroup;
			children = (
				1C33125C1BAA00BD00470D4D /* Base */,
			);
			name = LaunchScreen.xib;
			sourceTree = "<group>";
		};
/* End PBXVariantGroup section */

/* Begin XCBuildConfiguration section */
		1C33126A1BAA00C000470D4D /* Debug */ = {
			isa = XCBuildConfiguration;
			buildSettings = {
				ALWAYS_SEARCH_USER_PATHS = NO;
				CLANG_CXX_LANGUAGE_STANDARD = "gnu++0x";
				CLANG_CXX_LIBRARY = "libc++";
				CLANG_ENABLE_MODULES = YES;
				CLANG_ENABLE_OBJC_ARC = YES;
				CLANG_WARN_BOOL_CONVERSION = YES;
				CLANG_WARN_CONSTANT_CONVERSION = YES;
				CLANG_WARN_DIRECT_OBJC_ISA_USAGE = YES_ERROR;
				CLANG_WARN_EMPTY_BODY = YES;
				CLANG_WARN_ENUM_CONVERSION = YES;
				CLANG_WARN_INT_CONVERSION = YES;
				CLANG_WARN_OBJC_ROOT_CLASS = YES_ERROR;
				CLANG_WARN_UNREACHABLE_CODE = YES;
				CLANG_WARN__DUPLICATE_METHOD_MATCH = YES;
				"CODE_SIGN_IDENTITY[sdk=iphoneos*]" = "iPhone Developer";
				COPY_PHASE_STRIP = NO;
				DEBUG_INFORMATION_FORMAT = "dwarf-with-dsym";
				ENABLE_STRICT_OBJC_MSGSEND = YES;
				GCC_C_LANGUAGE_STANDARD = gnu99;
				GCC_DYNAMIC_NO_PIC = NO;
				GCC_NO_COMMON_BLOCKS = YES;
				GCC_OPTIMIZATION_LEVEL = 0;
				GCC_PREPROCESSOR_DEFINITIONS = (
					"DEBUG=1",
					"$(inherited)",
				);
				GCC_SYMBOLS_PRIVATE_EXTERN = NO;
				GCC_WARN_64_TO_32_BIT_CONVERSION = YES;
				GCC_WARN_ABOUT_RETURN_TYPE = YES_ERROR;
				GCC_WARN_UNDECLARED_SELECTOR = YES;
				GCC_WARN_UNINITIALIZED_AUTOS = YES_AGGRESSIVE;
				GCC_WARN_UNUSED_FUNCTION = YES;
				GCC_WARN_UNUSED_VARIABLE = YES;
				IPHONEOS_DEPLOYMENT_TARGET = 8.4;
				MTL_ENABLE_DEBUG_INFO = YES;
				ONLY_ACTIVE_ARCH = YES;
				SDKROOT = iphoneos;
				TARGETED_DEVICE_FAMILY = 2;
			};
			name = Debug;
		};
		1C33126B1BAA00C000470D4D /* Release */ = {
			isa = XCBuildConfiguration;
			buildSettings = {
				ALWAYS_SEARCH_USER_PATHS = NO;
				CLANG_CXX_LANGUAGE_STANDARD = "gnu++0x";
				CLANG_CXX_LIBRARY = "libc++";
				CLANG_ENABLE_MODULES = YES;
				CLANG_ENABLE_OBJC_ARC = YES;
				CLANG_WARN_BOOL_CONVERSION = YES;
				CLANG_WARN_CONSTANT_CONVERSION = YES;
				CLANG_WARN_DIRECT_OBJC_ISA_USAGE = YES_ERROR;
				CLANG_WARN_EMPTY_BODY = YES;
				CLANG_WARN_ENUM_CONVERSION = YES;
				CLANG_WARN_INT_CONVERSION = YES;
				CLANG_WARN_OBJC_ROOT_CLASS = YES_ERROR;
				CLANG_WARN_UNREACHABLE_CODE = YES;
				CLANG_WARN__DUPLICATE_METHOD_MATCH = YES;
				"CODE_SIGN_IDENTITY[sdk=iphoneos*]" = "iPhone Developer";
				COPY_PHASE_STRIP = NO;
				DEBUG_INFORMATION_FORMAT = "dwarf-with-dsym";
				ENABLE_NS_ASSERTIONS = NO;
				ENABLE_STRICT_OBJC_MSGSEND = YES;
				GCC_C_LANGUAGE_STANDARD = gnu99;
				GCC_NO_COMMON_BLOCKS = YES;
				GCC_WARN_64_TO_32_BIT_CONVERSION = YES;
				GCC_WARN_ABOUT_RETURN_TYPE = YES_ERROR;
				GCC_WARN_UNDECLARED_SELECTOR = YES;
				GCC_WARN_UNINITIALIZED_AUTOS = YES_AGGRESSIVE;
				GCC_WARN_UNUSED_FUNCTION = YES;
				GCC_WARN_UNUSED_VARIABLE = YES;
				IPHONEOS_DEPLOYMENT_TARGET = 8.4;
				MTL_ENABLE_DEBUG_INFO = NO;
				SDKROOT = iphoneos;
				TARGETED_DEVICE_FAMILY = 2;
				VALIDATE_PRODUCT = YES;
			};
			name = Release;
		};
		1C33126D1BAA00C000470D4D /* Debug */ = {
			isa = XCBuildConfiguration;
			buildSettings = {
				ASSETCATALOG_COMPILER_APPICON_NAME = AppIcon;
				INFOPLIST_FILE = Story/Info.plist;
				LD_RUNPATH_SEARCH_PATHS = "$(inherited) @executable_path/Frameworks";
				PRODUCT_NAME = "$(TARGET_NAME)";
			};
			name = Debug;
		};
		1C33126E1BAA00C000470D4D /* Release */ = {
			isa = XCBuildConfiguration;
			buildSettings = {
				ASSETCATALOG_COMPILER_APPICON_NAME = AppIcon;
				INFOPLIST_FILE = Story/Info.plist;
				LD_RUNPATH_SEARCH_PATHS = "$(inherited) @executable_path/Frameworks";
				PRODUCT_NAME = "$(TARGET_NAME)";
			};
			name = Release;
		};
		1C3312701BAA00C000470D4D /* Debug */ = {
			isa = XCBuildConfiguration;
			buildSettings = {
				BUNDLE_LOADER = "$(TEST_HOST)";
				FRAMEWORK_SEARCH_PATHS = (
					"$(SDKROOT)/Developer/Library/Frameworks",
					"$(inherited)",
				);
				GCC_PREPROCESSOR_DEFINITIONS = (
					"DEBUG=1",
					"$(inherited)",
				);
				INFOPLIST_FILE = StoryTests/Info.plist;
				LD_RUNPATH_SEARCH_PATHS = "$(inherited) @executable_path/Frameworks @loader_path/Frameworks";
				PRODUCT_NAME = "$(TARGET_NAME)";
				TEST_HOST = "$(BUILT_PRODUCTS_DIR)/Story.app/Story";
			};
			name = Debug;
		};
		1C3312711BAA00C000470D4D /* Release */ = {
			isa = XCBuildConfiguration;
			buildSettings = {
				BUNDLE_LOADER = "$(TEST_HOST)";
				FRAMEWORK_SEARCH_PATHS = (
					"$(SDKROOT)/Developer/Library/Frameworks",
					"$(inherited)",
				);
				INFOPLIST_FILE = StoryTests/Info.plist;
				LD_RUNPATH_SEARCH_PATHS = "$(inherited) @executable_path/Frameworks @loader_path/Frameworks";
				PRODUCT_NAME = "$(TARGET_NAME)";
				TEST_HOST = "$(BUILT_PRODUCTS_DIR)/Story.app/Story";
			};
			name = Release;
		};
/* End XCBuildConfiguration section */

/* Begin XCConfigurationList section */
		1C3312441BAA00B600470D4D /* Build configuration list for PBXProject "Story" */ = {
			isa = XCConfigurationList;
			buildConfigurations = (
				1C33126A1BAA00C000470D4D /* Debug */,
				1C33126B1BAA00C000470D4D /* Release */,
			);
			defaultConfigurationIsVisible = 0;
			defaultConfigurationName = Release;
		};
		1C33126C1BAA00C000470D4D /* Build configuration list for PBXNativeTarget "Story" */ = {
			isa = XCConfigurationList;
			buildConfigurations = (
				1C33126D1BAA00C000470D4D /* Debug */,
				1C33126E1BAA00C000470D4D /* Release */,
			);
			defaultConfigurationIsVisible = 0;
		};
		1C33126F1BAA00C000470D4D /* Build configuration list for PBXNativeTarget "StoryTests" */ = {
			isa = XCConfigurationList;
			buildConfigurations = (
				1C3312701BAA00C000470D4D /* Debug */,
				1C3312711BAA00C000470D4D /* Release */,
			);
			defaultConfigurationIsVisible = 0;
		};
/* End XCConfigurationList section */
	};
	rootObject = 1C3312411BAA00B500470D4D /* Project object */;
}
